
Microsoft Visual Studio Solution File, Format Version 12.00
# Visual Studio Version 17
VisualStudioVersion = 17.10.34928.147
MinimumVisualStudioVersion = 10.0.40219.1
Project("{FAE04EC0-301F-11D3-BF4B-00C04F79EFBC}") = "MyFirstCSharpProject", "MyFirstCSharpProject\MyFirstCSharpProject.csproj", "{F1D90698-06F0-4163-9045-F65CFBB96A0B}"
EndProject
Project("{FAE04EC0-301F-11D3-BF4B-00C04F79EFBC}") = "DataTypes", "DataTypes\DataTypes.csproj", "{B05997A8-0D84-4A1A-A2E4-9D3FFAAD1FEE}"
EndProject
Project("{FAE04EC0-301F-11D3-BF4B-00C04F79EFBC}") = "Strings_Chars", "Strings_Chars\Strings_Chars.csproj", "{EA38B2B6-8B0F-466D-918D-14DFE2B1899B}"
EndProject
Project("{FAE04EC0-301F-11D3-BF4B-00C04F79EFBC}") = "Conversions", "Conversions\Conversions.csproj", "{C4CF23B8-ED00-429A-80D9-03A794A1244B}"
EndProject
Project("{FAE04EC0-301F-11D3-BF4B-00C04F79EFBC}") = "Bool", "Bool\Bool.csproj", "{42C93C8E-AA18-4758-A057-BAD121F9BE4B}"
EndProject
Project("{FAE04EC0-301F-11D3-BF4B-00C04F79EFBC}") = "Operators", "Operators\Operators.csproj", "{B9F905C6-2A32-4E8A-B797-6A3F3F4F9C25}"
EndProject
Project("{FAE04EC0-301F-11D3-BF4B-00C04F79EFBC}") = "Var", "Var\Var.csproj", "{86D9BD8C-CE09-4284-A138-0E390A2F7565}"
EndProject
Project("{FAE04EC0-301F-11D3-BF4B-00C04F79EFBC}") = "Constants", "Constants\Constants.csproj", "{D0C3DD23-79BB-4C1E-B9E5-1DEC662A5FE2}"
EndProject
Project("{FAE04EC0-301F-11D3-BF4B-00C04F79EFBC}") = "ConsoleIO", "ConsoleIO\ConsoleIO.csproj", "{C96EFE5C-939C-4CCA-837D-0A8C4A3C9907}"
EndProject
Project("{FAE04EC0-301F-11D3-BF4B-00C04F79EFBC}") = "If", "If\If.csproj", "{D10AC361-57F9-489A-B62E-DC4C91155FEF}"
EndProject
Project("{FAE04EC0-301F-11D3-BF4B-00C04F79EFBC}") = "Switch", "Switch\Switch.csproj", "{79480AC8-E1AE-4863-A6E0-AC805D0B97DB}"
EndProject
Project("{FAE04EC0-301F-11D3-BF4B-00C04F79EFBC}") = "For", "For\For.csproj", "{CF1D512F-AC90-4A7C-871E-B5827CD3B51C}"
EndProject
Project("{FAE04EC0-301F-11D3-BF4B-00C04F79EFBC}") = "While", "While\While.csproj", "{1E1F38F6-032D-4262-9AEA-EDF4E8CBC321}"
EndProject
Project("{FAE04EC0-301F-11D3-BF4B-00C04F79EFBC}") = "ConditionalOperator", "ConditionalOperator\ConditionalOperator.csproj", "{5A0ED0EE-FD89-416F-98A6-483FB107C1EC}"
EndProject
Project("{FAE04EC0-301F-11D3-BF4B-00C04F79EFBC}") = "Format", "Format\Format.csproj", "{1CBC8708-5660-4E90-9DA5-6C1FC2A57317}"
EndProject
Project("{FAE04EC0-301F-11D3-BF4B-00C04F79EFBC}") = "TryParse", "TryParse\TryParse.csproj", "{2B87FE4A-0768-49D9-994F-EE9A57B2592D}"
EndProject
Project("{FAE04EC0-301F-11D3-BF4B-00C04F79EFBC}") = "Exercise 1", "Exercise 1\Exercise 1.csproj", "{FACAF03F-F26F-4DAB-A223-C03C317CEBB5}"
EndProject
Project("{FAE04EC0-301F-11D3-BF4B-00C04F79EFBC}") = "Output", "Output\Output.csproj", "{755C6F2D-F26E-4AAF-97C6-631D6D4774CB}"
EndProject
Project("{FAE04EC0-301F-11D3-BF4B-00C04F79EFBC}") = "CompositeFormatting", "CompositeFormatting\CompositeFormatting.csproj", "{2C06A307-03EE-4391-A403-1CA683EED06F}"
EndProject
Global
	GlobalSection(SolutionConfigurationPlatforms) = preSolution
		Debug|Any CPU = Debug|Any CPU
		Release|Any CPU = Release|Any CPU
	EndGlobalSection
	GlobalSection(ProjectConfigurationPlatforms) = postSolution
		{F1D90698-06F0-4163-9045-F65CFBB96A0B}.Debug|Any CPU.ActiveCfg = Debug|Any CPU
		{F1D90698-06F0-4163-9045-F65CFBB96A0B}.Debug|Any CPU.Build.0 = Debug|Any CPU
		{F1D90698-06F0-4163-9045-F65CFBB96A0B}.Release|Any CPU.ActiveCfg = Release|Any CPU
		{F1D90698-06F0-4163-9045-F65CFBB96A0B}.Release|Any CPU.Build.0 = Release|Any CPU
		{B05997A8-0D84-4A1A-A2E4-9D3FFAAD1FEE}.Debug|Any CPU.ActiveCfg = Debug|Any CPU
		{B05997A8-0D84-4A1A-A2E4-9D3FFAAD1FEE}.Debug|Any CPU.Build.0 = Debug|Any CPU
		{B05997A8-0D84-4A1A-A2E4-9D3FFAAD1FEE}.Release|Any CPU.ActiveCfg = Release|Any CPU
		{B05997A8-0D84-4A1A-A2E4-9D3FFAAD1FEE}.Release|Any CPU.Build.0 = Release|Any CPU
		{EA38B2B6-8B0F-466D-918D-14DFE2B1899B}.Debug|Any CPU.ActiveCfg = Debug|Any CPU
		{EA38B2B6-8B0F-466D-918D-14DFE2B1899B}.Debug|Any CPU.Build.0 = Debug|Any CPU
		{EA38B2B6-8B0F-466D-918D-14DFE2B1899B}.Release|Any CPU.ActiveCfg = Release|Any CPU
		{EA38B2B6-8B0F-466D-918D-14DFE2B1899B}.Release|Any CPU.Build.0 = Release|Any CPU
		{C4CF23B8-ED00-429A-80D9-03A794A1244B}.Debug|Any CPU.ActiveCfg = Debug|Any CPU
		{C4CF23B8-ED00-429A-80D9-03A794A1244B}.Debug|Any CPU.Build.0 = Debug|Any CPU
		{C4CF23B8-ED00-429A-80D9-03A794A1244B}.Release|Any CPU.ActiveCfg = Release|Any CPU
		{C4CF23B8-ED00-429A-80D9-03A794A1244B}.Release|Any CPU.Build.0 = Release|Any CPU
		{42C93C8E-AA18-4758-A057-BAD121F9BE4B}.Debug|Any CPU.ActiveCfg = Debug|Any CPU
		{42C93C8E-AA18-4758-A057-BAD121F9BE4B}.Debug|Any CPU.Build.0 = Debug|Any CPU
		{42C93C8E-AA18-4758-A057-BAD121F9BE4B}.Release|Any CPU.ActiveCfg = Release|Any CPU
		{42C93C8E-AA18-4758-A057-BAD121F9BE4B}.Release|Any CPU.Build.0 = Release|Any CPU
		{B9F905C6-2A32-4E8A-B797-6A3F3F4F9C25}.Debug|Any CPU.ActiveCfg = Debug|Any CPU
		{B9F905C6-2A32-4E8A-B797-6A3F3F4F9C25}.Debug|Any CPU.Build.0 = Debug|Any CPU
		{B9F905C6-2A32-4E8A-B797-6A3F3F4F9C25}.Release|Any CPU.ActiveCfg = Release|Any CPU
		{B9F905C6-2A32-4E8A-B797-6A3F3F4F9C25}.Release|Any CPU.Build.0 = Release|Any CPU
		{86D9BD8C-CE09-4284-A138-0E390A2F7565}.Debug|Any CPU.ActiveCfg = Debug|Any CPU
		{86D9BD8C-CE09-4284-A138-0E390A2F7565}.Debug|Any CPU.Build.0 = Debug|Any CPU
		{86D9BD8C-CE09-4284-A138-0E390A2F7565}.Release|Any CPU.ActiveCfg = Release|Any CPU
		{86D9BD8C-CE09-4284-A138-0E390A2F7565}.Release|Any CPU.Build.0 = Release|Any CPU
		{D0C3DD23-79BB-4C1E-B9E5-1DEC662A5FE2}.Debug|Any CPU.ActiveCfg = Debug|Any CPU
		{D0C3DD23-79BB-4C1E-B9E5-1DEC662A5FE2}.Debug|Any CPU.Build.0 = Debug|Any CPU
		{D0C3DD23-79BB-4C1E-B9E5-1DEC662A5FE2}.Release|Any CPU.ActiveCfg = Release|Any CPU
		{D0C3DD23-79BB-4C1E-B9E5-1DEC662A5FE2}.Release|Any CPU.Build.0 = Release|Any CPU
		{C96EFE5C-939C-4CCA-837D-0A8C4A3C9907}.Debug|Any CPU.ActiveCfg = Debug|Any CPU
		{C96EFE5C-939C-4CCA-837D-0A8C4A3C9907}.Debug|Any CPU.Build.0 = Debug|Any CPU
		{C96EFE5C-939C-4CCA-837D-0A8C4A3C9907}.Release|Any CPU.ActiveCfg = Release|Any CPU
		{C96EFE5C-939C-4CCA-837D-0A8C4A3C9907}.Release|Any CPU.Build.0 = Release|Any CPU
		{D10AC361-57F9-489A-B62E-DC4C91155FEF}.Debug|Any CPU.ActiveCfg = Debug|Any CPU
		{D10AC361-57F9-489A-B62E-DC4C91155FEF}.Debug|Any CPU.Build.0 = Debug|Any CPU
		{D10AC361-57F9-489A-B62E-DC4C91155FEF}.Release|Any CPU.ActiveCfg = Release|Any CPU
		{D10AC361-57F9-489A-B62E-DC4C91155FEF}.Release|Any CPU.Build.0 = Release|Any CPU
		{79480AC8-E1AE-4863-A6E0-AC805D0B97DB}.Debug|Any CPU.ActiveCfg = Debug|Any CPU
		{79480AC8-E1AE-4863-A6E0-AC805D0B97DB}.Debug|Any CPU.Build.0 = Debug|Any CPU
		{79480AC8-E1AE-4863-A6E0-AC805D0B97DB}.Release|Any CPU.ActiveCfg = Release|Any CPU
		{79480AC8-E1AE-4863-A6E0-AC805D0B97DB}.Release|Any CPU.Build.0 = Release|Any CPU
		{CF1D512F-AC90-4A7C-871E-B5827CD3B51C}.Debug|Any CPU.ActiveCfg = Debug|Any CPU
		{CF1D512F-AC90-4A7C-871E-B5827CD3B51C}.Debug|Any CPU.Build.0 = Debug|Any CPU
		{CF1D512F-AC90-4A7C-871E-B5827CD3B51C}.Release|Any CPU.ActiveCfg = Release|Any CPU
		{CF1D512F-AC90-4A7C-871E-B5827CD3B51C}.Release|Any CPU.Build.0 = Release|Any CPU
		{1E1F38F6-032D-4262-9AEA-EDF4E8CBC321}.Debug|Any CPU.ActiveCfg = Debug|Any CPU
		{1E1F38F6-032D-4262-9AEA-EDF4E8CBC321}.Debug|Any CPU.Build.0 = Debug|Any CPU
		{1E1F38F6-032D-4262-9AEA-EDF4E8CBC321}.Release|Any CPU.ActiveCfg = Release|Any CPU
		{1E1F38F6-032D-4262-9AEA-EDF4E8CBC321}.Release|Any CPU.Build.0 = Release|Any CPU
		{5A0ED0EE-FD89-416F-98A6-483FB107C1EC}.Debug|Any CPU.ActiveCfg = Debug|Any CPU
		{5A0ED0EE-FD89-416F-98A6-483FB107C1EC}.Debug|Any CPU.Build.0 = Debug|Any CPU
		{5A0ED0EE-FD89-416F-98A6-483FB107C1EC}.Release|Any CPU.ActiveCfg = Release|Any CPU
		{5A0ED0EE-FD89-416F-98A6-483FB107C1EC}.Release|Any CPU.Build.0 = Release|Any CPU
		{1CBC8708-5660-4E90-9DA5-6C1FC2A57317}.Debug|Any CPU.ActiveCfg = Debug|Any CPU
		{1CBC8708-5660-4E90-9DA5-6C1FC2A57317}.Debug|Any CPU.Build.0 = Debug|Any CPU
		{1CBC8708-5660-4E90-9DA5-6C1FC2A57317}.Release|Any CPU.ActiveCfg = Release|Any CPU
		{1CBC8708-5660-4E90-9DA5-6C1FC2A57317}.Release|Any CPU.Build.0 = Release|Any CPU
		{2B87FE4A-0768-49D9-994F-EE9A57B2592D}.Debug|Any CPU.ActiveCfg = Debug|Any CPU
		{2B87FE4A-0768-49D9-994F-EE9A57B2592D}.Debug|Any CPU.Build.0 = Debug|Any CPU
		{2B87FE4A-0768-49D9-994F-EE9A57B2592D}.Release|Any CPU.ActiveCfg = Release|Any CPU
		{2B87FE4A-0768-49D9-994F-EE9A57B2592D}.Release|Any CPU.Build.0 = Release|Any CPU
		{FACAF03F-F26F-4DAB-A223-C03C317CEBB5}.Debug|Any CPU.ActiveCfg = Debug|Any CPU
		{FACAF03F-F26F-4DAB-A223-C03C317CEBB5}.Debug|Any CPU.Build.0 = Debug|Any CPU
		{FACAF03F-F26F-4DAB-A223-C03C317CEBB5}.Release|Any CPU.ActiveCfg = Release|Any CPU
		{FACAF03F-F26F-4DAB-A223-C03C317CEBB5}.Release|Any CPU.Build.0 = Release|Any CPU
		{755C6F2D-F26E-4AAF-97C6-631D6D4774CB}.Debug|Any CPU.ActiveCfg = Debug|Any CPU
		{755C6F2D-F26E-4AAF-97C6-631D6D4774CB}.Debug|Any CPU.Build.0 = Debug|Any CPU
		{755C6F2D-F26E-4AAF-97C6-631D6D4774CB}.Release|Any CPU.ActiveCfg = Release|Any CPU
		{755C6F2D-F26E-4AAF-97C6-631D6D4774CB}.Release|Any CPU.Build.0 = Release|Any CPU
		{2C06A307-03EE-4391-A403-1CA683EED06F}.Debug|Any CPU.ActiveCfg = Debug|Any CPU
		{2C06A307-03EE-4391-A403-1CA683EED06F}.Debug|Any CPU.Build.0 = Debug|Any CPU
		{2C06A307-03EE-4391-A403-1CA683EED06F}.Release|Any CPU.ActiveCfg = Release|Any CPU
		{2C06A307-03EE-4391-A403-1CA683EED06F}.Release|Any CPU.Build.0 = Release|Any CPU
	EndGlobalSection
	GlobalSection(SolutionProperties) = preSolution
		HideSolutionNode = FALSE
	EndGlobalSection
	GlobalSection(ExtensibilityGlobals) = postSolution
		SolutionGuid = {855557D3-8EA8-4134-AEAC-4D64DA9EAC9A}
	EndGlobalSection
EndGlobal
