
Microsoft Visual Studio Solution File, Format Version 12.00
# Visual Studio Version 17
VisualStudioVersion = 17.10.34928.147
MinimumVisualStudioVersion = 10.0.40219.1
Project("{FAE04EC0-301F-11D3-BF4B-00C04F79EFBC}") = "MyFirstCSharpProject", "MyFirstCSharpProject\MyFirstCSharpProject.csproj", "{F1D90698-06F0-4163-9045-F65CFBB96A0B}"
EndProject
Project("{FAE04EC0-301F-11D3-BF4B-00C04F79EFBC}") = "DataTypes", "DataTypes\DataTypes.csproj", "{B05997A8-0D84-4A1A-A2E4-9D3FFAAD1FEE}"
EndProject
Project("{FAE04EC0-301F-11D3-BF4B-00C04F79EFBC}") = "Strings_Chars", "Strings_Chars\Strings_Chars.csproj", "{EA38B2B6-8B0F-466D-918D-14DFE2B1899B}"
EndProject
Project("{FAE04EC0-301F-11D3-BF4B-00C04F79EFBC}") = "Conversions", "Conversions\Conversions.csproj", "{C4CF23B8-ED00-429A-80D9-03A794A1244B}"
EndProject
Project("{FAE04EC0-301F-11D3-BF4B-00C04F79EFBC}") = "Bool", "Bool\Bool.csproj", "{42C93C8E-AA18-4758-A057-BAD121F9BE4B}"
EndProject
Project("{FAE04EC0-301F-11D3-BF4B-00C04F79EFBC}") = "Operators", "Operators\Operators.csproj", "{B9F905C6-2A32-4E8A-B797-6A3F3F4F9C25}"
EndProject
Project("{FAE04EC0-301F-11D3-BF4B-00C04F79EFBC}") = "Var", "Var\Var.csproj", "{86D9BD8C-CE09-4284-A138-0E390A2F7565}"
EndProject
Project("{FAE04EC0-301F-11D3-BF4B-00C04F79EFBC}") = "Constants", "Constants\Constants.csproj", "{D0C3DD23-79BB-4C1E-B9E5-1DEC662A5FE2}"
EndProject
Project("{FAE04EC0-301F-11D3-BF4B-00C04F79EFBC}") = "ConsoleIO", "ConsoleIO\ConsoleIO.csproj", "{C96EFE5C-939C-4CCA-837D-0A8C4A3C9907}"
EndProject
Project("{FAE04EC0-301F-11D3-BF4B-00C04F79EFBC}") = "If", "If\If.csproj", "{D10AC361-57F9-489A-B62E-DC4C91155FEF}"
EndProject
Project("{FAE04EC0-301F-11D3-BF4B-00C04F79EFBC}") = "Switch", "Switch\Switch.csproj", "{79480AC8-E1AE-4863-A6E0-AC805D0B97DB}"
EndProject
Project("{FAE04EC0-301F-11D3-BF4B-00C04F79EFBC}") = "For", "For\For.csproj", "{CF1D512F-AC90-4A7C-871E-B5827CD3B51C}"
EndProject
Project("{FAE04EC0-301F-11D3-BF4B-00C04F79EFBC}") = "While", "While\While.csproj", "{1E1F38F6-032D-4262-9AEA-EDF4E8CBC321}"
EndProject
Project("{FAE04EC0-301F-11D3-BF4B-00C04F79EFBC}") = "ConditionalOperator", "ConditionalOperator\ConditionalOperator.csproj", "{5A0ED0EE-FD89-416F-98A6-483FB107C1EC}"
EndProject
Project("{FAE04EC0-301F-11D3-BF4B-00C04F79EFBC}") = "Format", "Format\Format.csproj", "{1CBC8708-5660-4E90-9DA5-6C1FC2A57317}"
EndProject
Project("{FAE04EC0-301F-11D3-BF4B-00C04F79EFBC}") = "TryParse", "TryParse\TryParse.csproj", "{2B87FE4A-0768-49D9-994F-EE9A57B2592D}"
EndProject
Project("{FAE04EC0-301F-11D3-BF4B-00C04F79EFBC}") = "Exercise 1", "Exercise 1\Exercise 1.csproj", "{FACAF03F-F26F-4DAB-A223-C03C317CEBB5}"
EndProject
Project("{FAE04EC0-301F-11D3-BF4B-00C04F79EFBC}") = "Output", "Output\Output.csproj", "{755C6F2D-F26E-4AAF-97C6-631D6D4774CB}"
EndProject
Project("{FAE04EC0-301F-11D3-BF4B-00C04F79EFBC}") = "CompositeFormatting", "CompositeFormatting\CompositeFormatting.csproj", "{2C06A307-03EE-4391-A403-1CA683EED06F}"
EndProject
Project("{FAE04EC0-301F-11D3-BF4B-00C04F79EFBC}") = "Interpolation", "Interpolation\Interpolation.csproj", "{678F0642-AFD5-49D4-ACAA-BE886C6E5F79}"
EndProject
Project("{FAE04EC0-301F-11D3-BF4B-00C04F79EFBC}") = "EmptyString", "EmptyString\EmptyString.csproj", "{911056ED-6732-4599-80DC-539FFACCE46E}"
EndProject
Project("{FAE04EC0-301F-11D3-BF4B-00C04F79EFBC}") = "Equals", "Equals\Equals.csproj", "{C4B13E03-1379-4C9B-97BC-C624138D235F}"
EndProject
Project("{FAE04EC0-301F-11D3-BF4B-00C04F79EFBC}") = "StringLoop", "StringLoop\StringLoop.csproj", "{6197CB5F-7ADC-4042-8872-6ED8D4924276}"
EndProject
Project("{FAE04EC0-301F-11D3-BF4B-00C04F79EFBC}") = "IsNullOrEmpty", "IsNullOrEmpty\IsNullOrEmpty.csproj", "{0A3E6810-CC43-41D4-9D05-41B1EE7834B1}"
EndProject
Project("{FAE04EC0-301F-11D3-BF4B-00C04F79EFBC}") = "Exercise 2", "Exercise 2\Exercise 2.csproj", "{8E3F1A27-712D-4033-BE92-DD21D631261F}"
EndProject
Project("{FAE04EC0-301F-11D3-BF4B-00C04F79EFBC}") = "Exercise 3", "Exercise 3\Exercise 3.csproj", "{4D27B8A0-D2EF-49AF-9393-E254FEE43BB2}"
EndProject
Project("{FAE04EC0-301F-11D3-BF4B-00C04F79EFBC}") = "Arrays", "Arrays\Arrays.csproj", "{156F3168-ABF0-4360-8202-BF36E956CED5}"
EndProject
Project("{FAE04EC0-301F-11D3-BF4B-00C04F79EFBC}") = "Lists", "Lists\Lists.csproj", "{0FA9686B-8AC1-4FE8-9B00-C1FDDB6EAE54}"
EndProject
Project("{FAE04EC0-301F-11D3-BF4B-00C04F79EFBC}") = "Dictionary", "Dictionary\Dictionary.csproj", "{4B21EDAF-BB3D-4B2B-A128-9291788CE6B1}"
EndProject
Project("{FAE04EC0-301F-11D3-BF4B-00C04F79EFBC}") = "Exercise 4", "Exercise 4\Exercise 4.csproj", "{1E8C4ABE-33AE-4E85-A406-D180B79E3E74}"
EndProject
Project("{FAE04EC0-301F-11D3-BF4B-00C04F79EFBC}") = "Exercise 5", "Exercise 5\Exercise 5.csproj", "{A9A9EC26-C826-4FD5-8AA7-44D8CDD5F603}"
EndProject
Project("{FAE04EC0-301F-11D3-BF4B-00C04F79EFBC}") = "Functions", "Functions\Functions.csproj", "{D7FF02AA-1B07-4FAF-892A-464D608647BE}"
EndProject
Project("{FAE04EC0-301F-11D3-BF4B-00C04F79EFBC}") = "Ref", "Ref\Ref.csproj", "{A35A425B-482B-4849-B472-FD13FAF30541}"
EndProject
Project("{FAE04EC0-301F-11D3-BF4B-00C04F79EFBC}") = "Exercise 6", "Exercise 6\Exercise 6.csproj", "{FD17FE2F-DB3E-4D14-9C27-2CB79252A11A}"
EndProject
Project("{FAE04EC0-301F-11D3-BF4B-00C04F79EFBC}") = "Exercise 7", "Exercise 7\Exercise 7.csproj", "{63651105-78C7-461E-846A-8B38FA637A5E}"
EndProject
Project("{FAE04EC0-301F-11D3-BF4B-00C04F79EFBC}") = "Exceptions", "Exceptions\Exceptions.csproj", "{9149AA8E-7C9D-4BD0-9E1E-96FB4FE656CA}"
EndProject
Project("{FAE04EC0-301F-11D3-BF4B-00C04F79EFBC}") = "Exercise 8", "Exercise 8\Exercise 8.csproj", "{9F67DF2D-2D0E-4CD5-B5BB-8314AEBAF377}"
EndProject
Project("{FAE04EC0-301F-11D3-BF4B-00C04F79EFBC}") = "Debugging", "Debugging\Debugging.csproj", "{8BD9E072-0F9B-4233-81A3-472C33EE44B7}"
EndProject
Project("{FAE04EC0-301F-11D3-BF4B-00C04F79EFBC}") = "Structures", "Structures\Structures.csproj", "{7E241025-13DE-4F23-BC24-DDFEDF0CB354}"
EndProject
Project("{FAE04EC0-301F-11D3-BF4B-00C04F79EFBC}") = "Classes", "Classes\Classes.csproj", "{29F08299-DCE7-4D82-A1F3-3EC54B4D505E}"
EndProject
Project("{FAE04EC0-301F-11D3-BF4B-00C04F79EFBC}") = "AdvancedDataTypes", "AdvancedDataTypes\AdvancedDataTypes.csproj", "{F29828ED-C301-4AC8-A89D-1E2FE4BBB845}"
EndProject
Project("{FAE04EC0-301F-11D3-BF4B-00C04F79EFBC}") = "CustomConsole", "CustomConsole\CustomConsole.csproj", "{ECA5204F-2704-4086-97CB-364C485527BC}"
EndProject
Project("{FAE04EC0-301F-11D3-BF4B-00C04F79EFBC}") = "Insert", "Insert\Insert.csproj", "{312DAF3C-D817-46C1-9F55-61F770823F08}"
EndProject
Project("{FAE04EC0-301F-11D3-BF4B-00C04F79EFBC}") = "Replace", "Replace\Replace.csproj", "{51B56D0C-4A47-45B2-B85D-942D07885B27}"
EndProject
Project("{FAE04EC0-301F-11D3-BF4B-00C04F79EFBC}") = "IndexOf", "IndexOf\IndexOf.csproj", "{CF52AE84-3AA3-4D8C-9799-EEB9200986D6}"
EndProject
Project("{FAE04EC0-301F-11D3-BF4B-00C04F79EFBC}") = "Remove", "Remove\Remove.csproj", "{22245E54-FAF0-4DAB-8613-E7C390201CF0}"
EndProject
Project("{FAE04EC0-301F-11D3-BF4B-00C04F79EFBC}") = "Substring", "Substring\Substring.csproj", "{EC58E841-9CD4-4D8E-B790-B2C38366BD56}"
EndProject
Project("{FAE04EC0-301F-11D3-BF4B-00C04F79EFBC}") = "Trim", "Trim\Trim.csproj", "{F4352A7D-19A8-495E-BCBF-986AC430FB99}"
EndProject
Project("{FAE04EC0-301F-11D3-BF4B-00C04F79EFBC}") = "Builder", "StringBuilder\Builder.csproj", "{3A250998-5EB6-4DF6-8FFB-95B65A442FC8}"
EndProject
Project("{FAE04EC0-301F-11D3-BF4B-00C04F79EFBC}") = "Exercise 9", "Exercise 9\Exercise 9.csproj", "{92BCC212-C696-4DC0-9C8D-862987D9A7BC}"
EndProject
Project("{FAE04EC0-301F-11D3-BF4B-00C04F79EFBC}") = "Arrays_Multidimensional", "Arrays_Multidimensional\Arrays_Multidimensional.csproj", "{58092F6A-1FD2-4A54-B827-0D6B14724C69}"
EndProject
Project("{FAE04EC0-301F-11D3-BF4B-00C04F79EFBC}") = "Exercise 10", "Exercise 10\Exercise 10.csproj", "{C31C23E3-F422-4C0E-B6E8-B609E6B31D25}"
EndProject
Project("{FAE04EC0-301F-11D3-BF4B-00C04F79EFBC}") = "Split", "Split\Split.csproj", "{9FA2FAC2-6A84-4CAD-A374-9C73C98175CA}"
EndProject
Project("{FAE04EC0-301F-11D3-BF4B-00C04F79EFBC}") = "CallStack", "CallStack\CallStack.csproj", "{CA203552-4B24-4BC1-8BC8-62DA1EE8DA4D}"
EndProject
Project("{FAE04EC0-301F-11D3-BF4B-00C04F79EFBC}") = "Inheritance", "Inheritance\Inheritance.csproj", "{B98BD014-49B5-4ED2-8824-ECA41FF10909}"
EndProject
Global
	GlobalSection(SolutionConfigurationPlatforms) = preSolution
		Debug|Any CPU = Debug|Any CPU
		Release|Any CPU = Release|Any CPU
	EndGlobalSection
	GlobalSection(ProjectConfigurationPlatforms) = postSolution
		{F1D90698-06F0-4163-9045-F65CFBB96A0B}.Debug|Any CPU.ActiveCfg = Debug|Any CPU
		{F1D90698-06F0-4163-9045-F65CFBB96A0B}.Debug|Any CPU.Build.0 = Debug|Any CPU
		{F1D90698-06F0-4163-9045-F65CFBB96A0B}.Release|Any CPU.ActiveCfg = Release|Any CPU
		{F1D90698-06F0-4163-9045-F65CFBB96A0B}.Release|Any CPU.Build.0 = Release|Any CPU
		{B05997A8-0D84-4A1A-A2E4-9D3FFAAD1FEE}.Debug|Any CPU.ActiveCfg = Debug|Any CPU
		{B05997A8-0D84-4A1A-A2E4-9D3FFAAD1FEE}.Debug|Any CPU.Build.0 = Debug|Any CPU
		{B05997A8-0D84-4A1A-A2E4-9D3FFAAD1FEE}.Release|Any CPU.ActiveCfg = Release|Any CPU
		{B05997A8-0D84-4A1A-A2E4-9D3FFAAD1FEE}.Release|Any CPU.Build.0 = Release|Any CPU
		{EA38B2B6-8B0F-466D-918D-14DFE2B1899B}.Debug|Any CPU.ActiveCfg = Debug|Any CPU
		{EA38B2B6-8B0F-466D-918D-14DFE2B1899B}.Debug|Any CPU.Build.0 = Debug|Any CPU
		{EA38B2B6-8B0F-466D-918D-14DFE2B1899B}.Release|Any CPU.ActiveCfg = Release|Any CPU
		{EA38B2B6-8B0F-466D-918D-14DFE2B1899B}.Release|Any CPU.Build.0 = Release|Any CPU
		{C4CF23B8-ED00-429A-80D9-03A794A1244B}.Debug|Any CPU.ActiveCfg = Debug|Any CPU
		{C4CF23B8-ED00-429A-80D9-03A794A1244B}.Debug|Any CPU.Build.0 = Debug|Any CPU
		{C4CF23B8-ED00-429A-80D9-03A794A1244B}.Release|Any CPU.ActiveCfg = Release|Any CPU
		{C4CF23B8-ED00-429A-80D9-03A794A1244B}.Release|Any CPU.Build.0 = Release|Any CPU
		{42C93C8E-AA18-4758-A057-BAD121F9BE4B}.Debug|Any CPU.ActiveCfg = Debug|Any CPU
		{42C93C8E-AA18-4758-A057-BAD121F9BE4B}.Debug|Any CPU.Build.0 = Debug|Any CPU
		{42C93C8E-AA18-4758-A057-BAD121F9BE4B}.Release|Any CPU.ActiveCfg = Release|Any CPU
		{42C93C8E-AA18-4758-A057-BAD121F9BE4B}.Release|Any CPU.Build.0 = Release|Any CPU
		{B9F905C6-2A32-4E8A-B797-6A3F3F4F9C25}.Debug|Any CPU.ActiveCfg = Debug|Any CPU
		{B9F905C6-2A32-4E8A-B797-6A3F3F4F9C25}.Debug|Any CPU.Build.0 = Debug|Any CPU
		{B9F905C6-2A32-4E8A-B797-6A3F3F4F9C25}.Release|Any CPU.ActiveCfg = Release|Any CPU
		{B9F905C6-2A32-4E8A-B797-6A3F3F4F9C25}.Release|Any CPU.Build.0 = Release|Any CPU
		{86D9BD8C-CE09-4284-A138-0E390A2F7565}.Debug|Any CPU.ActiveCfg = Debug|Any CPU
		{86D9BD8C-CE09-4284-A138-0E390A2F7565}.Debug|Any CPU.Build.0 = Debug|Any CPU
		{86D9BD8C-CE09-4284-A138-0E390A2F7565}.Release|Any CPU.ActiveCfg = Release|Any CPU
		{86D9BD8C-CE09-4284-A138-0E390A2F7565}.Release|Any CPU.Build.0 = Release|Any CPU
		{D0C3DD23-79BB-4C1E-B9E5-1DEC662A5FE2}.Debug|Any CPU.ActiveCfg = Debug|Any CPU
		{D0C3DD23-79BB-4C1E-B9E5-1DEC662A5FE2}.Debug|Any CPU.Build.0 = Debug|Any CPU
		{D0C3DD23-79BB-4C1E-B9E5-1DEC662A5FE2}.Release|Any CPU.ActiveCfg = Release|Any CPU
		{D0C3DD23-79BB-4C1E-B9E5-1DEC662A5FE2}.Release|Any CPU.Build.0 = Release|Any CPU
		{C96EFE5C-939C-4CCA-837D-0A8C4A3C9907}.Debug|Any CPU.ActiveCfg = Debug|Any CPU
		{C96EFE5C-939C-4CCA-837D-0A8C4A3C9907}.Debug|Any CPU.Build.0 = Debug|Any CPU
		{C96EFE5C-939C-4CCA-837D-0A8C4A3C9907}.Release|Any CPU.ActiveCfg = Release|Any CPU
		{C96EFE5C-939C-4CCA-837D-0A8C4A3C9907}.Release|Any CPU.Build.0 = Release|Any CPU
		{D10AC361-57F9-489A-B62E-DC4C91155FEF}.Debug|Any CPU.ActiveCfg = Debug|Any CPU
		{D10AC361-57F9-489A-B62E-DC4C91155FEF}.Debug|Any CPU.Build.0 = Debug|Any CPU
		{D10AC361-57F9-489A-B62E-DC4C91155FEF}.Release|Any CPU.ActiveCfg = Release|Any CPU
		{D10AC361-57F9-489A-B62E-DC4C91155FEF}.Release|Any CPU.Build.0 = Release|Any CPU
		{79480AC8-E1AE-4863-A6E0-AC805D0B97DB}.Debug|Any CPU.ActiveCfg = Debug|Any CPU
		{79480AC8-E1AE-4863-A6E0-AC805D0B97DB}.Debug|Any CPU.Build.0 = Debug|Any CPU
		{79480AC8-E1AE-4863-A6E0-AC805D0B97DB}.Release|Any CPU.ActiveCfg = Release|Any CPU
		{79480AC8-E1AE-4863-A6E0-AC805D0B97DB}.Release|Any CPU.Build.0 = Release|Any CPU
		{CF1D512F-AC90-4A7C-871E-B5827CD3B51C}.Debug|Any CPU.ActiveCfg = Debug|Any CPU
		{CF1D512F-AC90-4A7C-871E-B5827CD3B51C}.Debug|Any CPU.Build.0 = Debug|Any CPU
		{CF1D512F-AC90-4A7C-871E-B5827CD3B51C}.Release|Any CPU.ActiveCfg = Release|Any CPU
		{CF1D512F-AC90-4A7C-871E-B5827CD3B51C}.Release|Any CPU.Build.0 = Release|Any CPU
		{1E1F38F6-032D-4262-9AEA-EDF4E8CBC321}.Debug|Any CPU.ActiveCfg = Debug|Any CPU
		{1E1F38F6-032D-4262-9AEA-EDF4E8CBC321}.Debug|Any CPU.Build.0 = Debug|Any CPU
		{1E1F38F6-032D-4262-9AEA-EDF4E8CBC321}.Release|Any CPU.ActiveCfg = Release|Any CPU
		{1E1F38F6-032D-4262-9AEA-EDF4E8CBC321}.Release|Any CPU.Build.0 = Release|Any CPU
		{5A0ED0EE-FD89-416F-98A6-483FB107C1EC}.Debug|Any CPU.ActiveCfg = Debug|Any CPU
		{5A0ED0EE-FD89-416F-98A6-483FB107C1EC}.Debug|Any CPU.Build.0 = Debug|Any CPU
		{5A0ED0EE-FD89-416F-98A6-483FB107C1EC}.Release|Any CPU.ActiveCfg = Release|Any CPU
		{5A0ED0EE-FD89-416F-98A6-483FB107C1EC}.Release|Any CPU.Build.0 = Release|Any CPU
		{1CBC8708-5660-4E90-9DA5-6C1FC2A57317}.Debug|Any CPU.ActiveCfg = Debug|Any CPU
		{1CBC8708-5660-4E90-9DA5-6C1FC2A57317}.Debug|Any CPU.Build.0 = Debug|Any CPU
		{1CBC8708-5660-4E90-9DA5-6C1FC2A57317}.Release|Any CPU.ActiveCfg = Release|Any CPU
		{1CBC8708-5660-4E90-9DA5-6C1FC2A57317}.Release|Any CPU.Build.0 = Release|Any CPU
		{2B87FE4A-0768-49D9-994F-EE9A57B2592D}.Debug|Any CPU.ActiveCfg = Debug|Any CPU
		{2B87FE4A-0768-49D9-994F-EE9A57B2592D}.Debug|Any CPU.Build.0 = Debug|Any CPU
		{2B87FE4A-0768-49D9-994F-EE9A57B2592D}.Release|Any CPU.ActiveCfg = Release|Any CPU
		{2B87FE4A-0768-49D9-994F-EE9A57B2592D}.Release|Any CPU.Build.0 = Release|Any CPU
		{FACAF03F-F26F-4DAB-A223-C03C317CEBB5}.Debug|Any CPU.ActiveCfg = Debug|Any CPU
		{FACAF03F-F26F-4DAB-A223-C03C317CEBB5}.Debug|Any CPU.Build.0 = Debug|Any CPU
		{FACAF03F-F26F-4DAB-A223-C03C317CEBB5}.Release|Any CPU.ActiveCfg = Release|Any CPU
		{FACAF03F-F26F-4DAB-A223-C03C317CEBB5}.Release|Any CPU.Build.0 = Release|Any CPU
		{755C6F2D-F26E-4AAF-97C6-631D6D4774CB}.Debug|Any CPU.ActiveCfg = Debug|Any CPU
		{755C6F2D-F26E-4AAF-97C6-631D6D4774CB}.Debug|Any CPU.Build.0 = Debug|Any CPU
		{755C6F2D-F26E-4AAF-97C6-631D6D4774CB}.Release|Any CPU.ActiveCfg = Release|Any CPU
		{755C6F2D-F26E-4AAF-97C6-631D6D4774CB}.Release|Any CPU.Build.0 = Release|Any CPU
		{2C06A307-03EE-4391-A403-1CA683EED06F}.Debug|Any CPU.ActiveCfg = Debug|Any CPU
		{2C06A307-03EE-4391-A403-1CA683EED06F}.Debug|Any CPU.Build.0 = Debug|Any CPU
		{2C06A307-03EE-4391-A403-1CA683EED06F}.Release|Any CPU.ActiveCfg = Release|Any CPU
		{2C06A307-03EE-4391-A403-1CA683EED06F}.Release|Any CPU.Build.0 = Release|Any CPU
		{678F0642-AFD5-49D4-ACAA-BE886C6E5F79}.Debug|Any CPU.ActiveCfg = Debug|Any CPU
		{678F0642-AFD5-49D4-ACAA-BE886C6E5F79}.Debug|Any CPU.Build.0 = Debug|Any CPU
		{678F0642-AFD5-49D4-ACAA-BE886C6E5F79}.Release|Any CPU.ActiveCfg = Release|Any CPU
		{678F0642-AFD5-49D4-ACAA-BE886C6E5F79}.Release|Any CPU.Build.0 = Release|Any CPU
		{911056ED-6732-4599-80DC-539FFACCE46E}.Debug|Any CPU.ActiveCfg = Debug|Any CPU
		{911056ED-6732-4599-80DC-539FFACCE46E}.Debug|Any CPU.Build.0 = Debug|Any CPU
		{911056ED-6732-4599-80DC-539FFACCE46E}.Release|Any CPU.ActiveCfg = Release|Any CPU
		{911056ED-6732-4599-80DC-539FFACCE46E}.Release|Any CPU.Build.0 = Release|Any CPU
		{C4B13E03-1379-4C9B-97BC-C624138D235F}.Debug|Any CPU.ActiveCfg = Debug|Any CPU
		{C4B13E03-1379-4C9B-97BC-C624138D235F}.Debug|Any CPU.Build.0 = Debug|Any CPU
		{C4B13E03-1379-4C9B-97BC-C624138D235F}.Release|Any CPU.ActiveCfg = Release|Any CPU
		{C4B13E03-1379-4C9B-97BC-C624138D235F}.Release|Any CPU.Build.0 = Release|Any CPU
		{6197CB5F-7ADC-4042-8872-6ED8D4924276}.Debug|Any CPU.ActiveCfg = Debug|Any CPU
		{6197CB5F-7ADC-4042-8872-6ED8D4924276}.Debug|Any CPU.Build.0 = Debug|Any CPU
		{6197CB5F-7ADC-4042-8872-6ED8D4924276}.Release|Any CPU.ActiveCfg = Release|Any CPU
		{6197CB5F-7ADC-4042-8872-6ED8D4924276}.Release|Any CPU.Build.0 = Release|Any CPU
		{0A3E6810-CC43-41D4-9D05-41B1EE7834B1}.Debug|Any CPU.ActiveCfg = Debug|Any CPU
		{0A3E6810-CC43-41D4-9D05-41B1EE7834B1}.Debug|Any CPU.Build.0 = Debug|Any CPU
		{0A3E6810-CC43-41D4-9D05-41B1EE7834B1}.Release|Any CPU.ActiveCfg = Release|Any CPU
		{0A3E6810-CC43-41D4-9D05-41B1EE7834B1}.Release|Any CPU.Build.0 = Release|Any CPU
		{8E3F1A27-712D-4033-BE92-DD21D631261F}.Debug|Any CPU.ActiveCfg = Debug|Any CPU
		{8E3F1A27-712D-4033-BE92-DD21D631261F}.Debug|Any CPU.Build.0 = Debug|Any CPU
		{8E3F1A27-712D-4033-BE92-DD21D631261F}.Release|Any CPU.ActiveCfg = Release|Any CPU
		{8E3F1A27-712D-4033-BE92-DD21D631261F}.Release|Any CPU.Build.0 = Release|Any CPU
		{4D27B8A0-D2EF-49AF-9393-E254FEE43BB2}.Debug|Any CPU.ActiveCfg = Debug|Any CPU
		{4D27B8A0-D2EF-49AF-9393-E254FEE43BB2}.Debug|Any CPU.Build.0 = Debug|Any CPU
		{4D27B8A0-D2EF-49AF-9393-E254FEE43BB2}.Release|Any CPU.ActiveCfg = Release|Any CPU
		{4D27B8A0-D2EF-49AF-9393-E254FEE43BB2}.Release|Any CPU.Build.0 = Release|Any CPU
		{156F3168-ABF0-4360-8202-BF36E956CED5}.Debug|Any CPU.ActiveCfg = Debug|Any CPU
		{156F3168-ABF0-4360-8202-BF36E956CED5}.Debug|Any CPU.Build.0 = Debug|Any CPU
		{156F3168-ABF0-4360-8202-BF36E956CED5}.Release|Any CPU.ActiveCfg = Release|Any CPU
		{156F3168-ABF0-4360-8202-BF36E956CED5}.Release|Any CPU.Build.0 = Release|Any CPU
		{0FA9686B-8AC1-4FE8-9B00-C1FDDB6EAE54}.Debug|Any CPU.ActiveCfg = Debug|Any CPU
		{0FA9686B-8AC1-4FE8-9B00-C1FDDB6EAE54}.Debug|Any CPU.Build.0 = Debug|Any CPU
		{0FA9686B-8AC1-4FE8-9B00-C1FDDB6EAE54}.Release|Any CPU.ActiveCfg = Release|Any CPU
		{0FA9686B-8AC1-4FE8-9B00-C1FDDB6EAE54}.Release|Any CPU.Build.0 = Release|Any CPU
		{4B21EDAF-BB3D-4B2B-A128-9291788CE6B1}.Debug|Any CPU.ActiveCfg = Debug|Any CPU
		{4B21EDAF-BB3D-4B2B-A128-9291788CE6B1}.Debug|Any CPU.Build.0 = Debug|Any CPU
		{4B21EDAF-BB3D-4B2B-A128-9291788CE6B1}.Release|Any CPU.ActiveCfg = Release|Any CPU
		{4B21EDAF-BB3D-4B2B-A128-9291788CE6B1}.Release|Any CPU.Build.0 = Release|Any CPU
		{1E8C4ABE-33AE-4E85-A406-D180B79E3E74}.Debug|Any CPU.ActiveCfg = Debug|Any CPU
		{1E8C4ABE-33AE-4E85-A406-D180B79E3E74}.Debug|Any CPU.Build.0 = Debug|Any CPU
		{1E8C4ABE-33AE-4E85-A406-D180B79E3E74}.Release|Any CPU.ActiveCfg = Release|Any CPU
		{1E8C4ABE-33AE-4E85-A406-D180B79E3E74}.Release|Any CPU.Build.0 = Release|Any CPU
		{A9A9EC26-C826-4FD5-8AA7-44D8CDD5F603}.Debug|Any CPU.ActiveCfg = Debug|Any CPU
		{A9A9EC26-C826-4FD5-8AA7-44D8CDD5F603}.Debug|Any CPU.Build.0 = Debug|Any CPU
		{A9A9EC26-C826-4FD5-8AA7-44D8CDD5F603}.Release|Any CPU.ActiveCfg = Release|Any CPU
		{A9A9EC26-C826-4FD5-8AA7-44D8CDD5F603}.Release|Any CPU.Build.0 = Release|Any CPU
		{D7FF02AA-1B07-4FAF-892A-464D608647BE}.Debug|Any CPU.ActiveCfg = Debug|Any CPU
		{D7FF02AA-1B07-4FAF-892A-464D608647BE}.Debug|Any CPU.Build.0 = Debug|Any CPU
		{D7FF02AA-1B07-4FAF-892A-464D608647BE}.Release|Any CPU.ActiveCfg = Release|Any CPU
		{D7FF02AA-1B07-4FAF-892A-464D608647BE}.Release|Any CPU.Build.0 = Release|Any CPU
		{A35A425B-482B-4849-B472-FD13FAF30541}.Debug|Any CPU.ActiveCfg = Debug|Any CPU
		{A35A425B-482B-4849-B472-FD13FAF30541}.Debug|Any CPU.Build.0 = Debug|Any CPU
		{A35A425B-482B-4849-B472-FD13FAF30541}.Release|Any CPU.ActiveCfg = Release|Any CPU
		{A35A425B-482B-4849-B472-FD13FAF30541}.Release|Any CPU.Build.0 = Release|Any CPU
		{FD17FE2F-DB3E-4D14-9C27-2CB79252A11A}.Debug|Any CPU.ActiveCfg = Debug|Any CPU
		{FD17FE2F-DB3E-4D14-9C27-2CB79252A11A}.Debug|Any CPU.Build.0 = Debug|Any CPU
		{FD17FE2F-DB3E-4D14-9C27-2CB79252A11A}.Release|Any CPU.ActiveCfg = Release|Any CPU
		{FD17FE2F-DB3E-4D14-9C27-2CB79252A11A}.Release|Any CPU.Build.0 = Release|Any CPU
		{63651105-78C7-461E-846A-8B38FA637A5E}.Debug|Any CPU.ActiveCfg = Debug|Any CPU
		{63651105-78C7-461E-846A-8B38FA637A5E}.Debug|Any CPU.Build.0 = Debug|Any CPU
		{63651105-78C7-461E-846A-8B38FA637A5E}.Release|Any CPU.ActiveCfg = Release|Any CPU
		{63651105-78C7-461E-846A-8B38FA637A5E}.Release|Any CPU.Build.0 = Release|Any CPU
		{9149AA8E-7C9D-4BD0-9E1E-96FB4FE656CA}.Debug|Any CPU.ActiveCfg = Debug|Any CPU
		{9149AA8E-7C9D-4BD0-9E1E-96FB4FE656CA}.Debug|Any CPU.Build.0 = Debug|Any CPU
		{9149AA8E-7C9D-4BD0-9E1E-96FB4FE656CA}.Release|Any CPU.ActiveCfg = Release|Any CPU
		{9149AA8E-7C9D-4BD0-9E1E-96FB4FE656CA}.Release|Any CPU.Build.0 = Release|Any CPU
		{9F67DF2D-2D0E-4CD5-B5BB-8314AEBAF377}.Debug|Any CPU.ActiveCfg = Debug|Any CPU
		{9F67DF2D-2D0E-4CD5-B5BB-8314AEBAF377}.Debug|Any CPU.Build.0 = Debug|Any CPU
		{9F67DF2D-2D0E-4CD5-B5BB-8314AEBAF377}.Release|Any CPU.ActiveCfg = Release|Any CPU
		{9F67DF2D-2D0E-4CD5-B5BB-8314AEBAF377}.Release|Any CPU.Build.0 = Release|Any CPU
		{8BD9E072-0F9B-4233-81A3-472C33EE44B7}.Debug|Any CPU.ActiveCfg = Debug|Any CPU
		{8BD9E072-0F9B-4233-81A3-472C33EE44B7}.Debug|Any CPU.Build.0 = Debug|Any CPU
		{8BD9E072-0F9B-4233-81A3-472C33EE44B7}.Release|Any CPU.ActiveCfg = Release|Any CPU
		{8BD9E072-0F9B-4233-81A3-472C33EE44B7}.Release|Any CPU.Build.0 = Release|Any CPU
		{7E241025-13DE-4F23-BC24-DDFEDF0CB354}.Debug|Any CPU.ActiveCfg = Debug|Any CPU
		{7E241025-13DE-4F23-BC24-DDFEDF0CB354}.Debug|Any CPU.Build.0 = Debug|Any CPU
		{7E241025-13DE-4F23-BC24-DDFEDF0CB354}.Release|Any CPU.ActiveCfg = Release|Any CPU
		{7E241025-13DE-4F23-BC24-DDFEDF0CB354}.Release|Any CPU.Build.0 = Release|Any CPU
		{29F08299-DCE7-4D82-A1F3-3EC54B4D505E}.Debug|Any CPU.ActiveCfg = Debug|Any CPU
		{29F08299-DCE7-4D82-A1F3-3EC54B4D505E}.Debug|Any CPU.Build.0 = Debug|Any CPU
		{29F08299-DCE7-4D82-A1F3-3EC54B4D505E}.Release|Any CPU.ActiveCfg = Release|Any CPU
		{29F08299-DCE7-4D82-A1F3-3EC54B4D505E}.Release|Any CPU.Build.0 = Release|Any CPU
		{F29828ED-C301-4AC8-A89D-1E2FE4BBB845}.Debug|Any CPU.ActiveCfg = Debug|Any CPU
		{F29828ED-C301-4AC8-A89D-1E2FE4BBB845}.Debug|Any CPU.Build.0 = Debug|Any CPU
		{F29828ED-C301-4AC8-A89D-1E2FE4BBB845}.Release|Any CPU.ActiveCfg = Release|Any CPU
		{F29828ED-C301-4AC8-A89D-1E2FE4BBB845}.Release|Any CPU.Build.0 = Release|Any CPU
		{ECA5204F-2704-4086-97CB-364C485527BC}.Debug|Any CPU.ActiveCfg = Debug|Any CPU
		{ECA5204F-2704-4086-97CB-364C485527BC}.Debug|Any CPU.Build.0 = Debug|Any CPU
		{ECA5204F-2704-4086-97CB-364C485527BC}.Release|Any CPU.ActiveCfg = Release|Any CPU
		{ECA5204F-2704-4086-97CB-364C485527BC}.Release|Any CPU.Build.0 = Release|Any CPU
		{312DAF3C-D817-46C1-9F55-61F770823F08}.Debug|Any CPU.ActiveCfg = Debug|Any CPU
		{312DAF3C-D817-46C1-9F55-61F770823F08}.Debug|Any CPU.Build.0 = Debug|Any CPU
		{312DAF3C-D817-46C1-9F55-61F770823F08}.Release|Any CPU.ActiveCfg = Release|Any CPU
		{312DAF3C-D817-46C1-9F55-61F770823F08}.Release|Any CPU.Build.0 = Release|Any CPU
		{51B56D0C-4A47-45B2-B85D-942D07885B27}.Debug|Any CPU.ActiveCfg = Debug|Any CPU
		{51B56D0C-4A47-45B2-B85D-942D07885B27}.Debug|Any CPU.Build.0 = Debug|Any CPU
		{51B56D0C-4A47-45B2-B85D-942D07885B27}.Release|Any CPU.ActiveCfg = Release|Any CPU
		{51B56D0C-4A47-45B2-B85D-942D07885B27}.Release|Any CPU.Build.0 = Release|Any CPU
		{CF52AE84-3AA3-4D8C-9799-EEB9200986D6}.Debug|Any CPU.ActiveCfg = Debug|Any CPU
		{CF52AE84-3AA3-4D8C-9799-EEB9200986D6}.Debug|Any CPU.Build.0 = Debug|Any CPU
		{CF52AE84-3AA3-4D8C-9799-EEB9200986D6}.Release|Any CPU.ActiveCfg = Release|Any CPU
		{CF52AE84-3AA3-4D8C-9799-EEB9200986D6}.Release|Any CPU.Build.0 = Release|Any CPU
		{22245E54-FAF0-4DAB-8613-E7C390201CF0}.Debug|Any CPU.ActiveCfg = Debug|Any CPU
		{22245E54-FAF0-4DAB-8613-E7C390201CF0}.Debug|Any CPU.Build.0 = Debug|Any CPU
		{22245E54-FAF0-4DAB-8613-E7C390201CF0}.Release|Any CPU.ActiveCfg = Release|Any CPU
		{22245E54-FAF0-4DAB-8613-E7C390201CF0}.Release|Any CPU.Build.0 = Release|Any CPU
		{EC58E841-9CD4-4D8E-B790-B2C38366BD56}.Debug|Any CPU.ActiveCfg = Debug|Any CPU
		{EC58E841-9CD4-4D8E-B790-B2C38366BD56}.Debug|Any CPU.Build.0 = Debug|Any CPU
		{EC58E841-9CD4-4D8E-B790-B2C38366BD56}.Release|Any CPU.ActiveCfg = Release|Any CPU
		{EC58E841-9CD4-4D8E-B790-B2C38366BD56}.Release|Any CPU.Build.0 = Release|Any CPU
		{F4352A7D-19A8-495E-BCBF-986AC430FB99}.Debug|Any CPU.ActiveCfg = Debug|Any CPU
		{F4352A7D-19A8-495E-BCBF-986AC430FB99}.Debug|Any CPU.Build.0 = Debug|Any CPU
		{F4352A7D-19A8-495E-BCBF-986AC430FB99}.Release|Any CPU.ActiveCfg = Release|Any CPU
		{F4352A7D-19A8-495E-BCBF-986AC430FB99}.Release|Any CPU.Build.0 = Release|Any CPU
		{3A250998-5EB6-4DF6-8FFB-95B65A442FC8}.Debug|Any CPU.ActiveCfg = Debug|Any CPU
		{3A250998-5EB6-4DF6-8FFB-95B65A442FC8}.Debug|Any CPU.Build.0 = Debug|Any CPU
		{3A250998-5EB6-4DF6-8FFB-95B65A442FC8}.Release|Any CPU.ActiveCfg = Release|Any CPU
		{3A250998-5EB6-4DF6-8FFB-95B65A442FC8}.Release|Any CPU.Build.0 = Release|Any CPU
		{92BCC212-C696-4DC0-9C8D-862987D9A7BC}.Debug|Any CPU.ActiveCfg = Debug|Any CPU
		{92BCC212-C696-4DC0-9C8D-862987D9A7BC}.Debug|Any CPU.Build.0 = Debug|Any CPU
		{92BCC212-C696-4DC0-9C8D-862987D9A7BC}.Release|Any CPU.ActiveCfg = Release|Any CPU
		{92BCC212-C696-4DC0-9C8D-862987D9A7BC}.Release|Any CPU.Build.0 = Release|Any CPU
		{58092F6A-1FD2-4A54-B827-0D6B14724C69}.Debug|Any CPU.ActiveCfg = Debug|Any CPU
		{58092F6A-1FD2-4A54-B827-0D6B14724C69}.Debug|Any CPU.Build.0 = Debug|Any CPU
		{58092F6A-1FD2-4A54-B827-0D6B14724C69}.Release|Any CPU.ActiveCfg = Release|Any CPU
		{58092F6A-1FD2-4A54-B827-0D6B14724C69}.Release|Any CPU.Build.0 = Release|Any CPU
		{C31C23E3-F422-4C0E-B6E8-B609E6B31D25}.Debug|Any CPU.ActiveCfg = Debug|Any CPU
		{C31C23E3-F422-4C0E-B6E8-B609E6B31D25}.Debug|Any CPU.Build.0 = Debug|Any CPU
		{C31C23E3-F422-4C0E-B6E8-B609E6B31D25}.Release|Any CPU.ActiveCfg = Release|Any CPU
		{C31C23E3-F422-4C0E-B6E8-B609E6B31D25}.Release|Any CPU.Build.0 = Release|Any CPU
		{9FA2FAC2-6A84-4CAD-A374-9C73C98175CA}.Debug|Any CPU.ActiveCfg = Debug|Any CPU
		{9FA2FAC2-6A84-4CAD-A374-9C73C98175CA}.Debug|Any CPU.Build.0 = Debug|Any CPU
		{9FA2FAC2-6A84-4CAD-A374-9C73C98175CA}.Release|Any CPU.ActiveCfg = Release|Any CPU
		{9FA2FAC2-6A84-4CAD-A374-9C73C98175CA}.Release|Any CPU.Build.0 = Release|Any CPU
		{CA203552-4B24-4BC1-8BC8-62DA1EE8DA4D}.Debug|Any CPU.ActiveCfg = Debug|Any CPU
		{CA203552-4B24-4BC1-8BC8-62DA1EE8DA4D}.Debug|Any CPU.Build.0 = Debug|Any CPU
		{CA203552-4B24-4BC1-8BC8-62DA1EE8DA4D}.Release|Any CPU.ActiveCfg = Release|Any CPU
		{CA203552-4B24-4BC1-8BC8-62DA1EE8DA4D}.Release|Any CPU.Build.0 = Release|Any CPU
		{B98BD014-49B5-4ED2-8824-ECA41FF10909}.Debug|Any CPU.ActiveCfg = Debug|Any CPU
		{B98BD014-49B5-4ED2-8824-ECA41FF10909}.Debug|Any CPU.Build.0 = Debug|Any CPU
		{B98BD014-49B5-4ED2-8824-ECA41FF10909}.Release|Any CPU.ActiveCfg = Release|Any CPU
		{B98BD014-49B5-4ED2-8824-ECA41FF10909}.Release|Any CPU.Build.0 = Release|Any CPU
	EndGlobalSection
	GlobalSection(SolutionProperties) = preSolution
		HideSolutionNode = FALSE
	EndGlobalSection
	GlobalSection(ExtensibilityGlobals) = postSolution
		SolutionGuid = {855557D3-8EA8-4134-AEAC-4D64DA9EAC9A}
	EndGlobalSection
EndGlobal
